// !$*UTF8*$!
{
	archiveVersion = 1;
	classes = {
	};
	objectVersion = 46;
	objects = {

/* Begin PBXBuildFile section */
		95B636271935DFFE0014FEAC /* Foundation.framework in Frameworks */ = {isa = PBXBuildFile; fileRef = 95B636261935DFFE0014FEAC /* Foundation.framework */; };
		95B636291935DFFE0014FEAC /* CoreGraphics.framework in Frameworks */ = {isa = PBXBuildFile; fileRef = 95B636281935DFFE0014FEAC /* CoreGraphics.framework */; };
		95B6362B1935DFFE0014FEAC /* UIKit.framework in Frameworks */ = {isa = PBXBuildFile; fileRef = 95B6362A1935DFFE0014FEAC /* UIKit.framework */; };
		95B636311935DFFE0014FEAC /* InfoPlist.strings in Resources */ = {isa = PBXBuildFile; fileRef = 95B6362F1935DFFE0014FEAC /* InfoPlist.strings */; };
		95B636331935DFFE0014FEAC /* main.m in Sources */ = {isa = PBXBuildFile; fileRef = 95B636321935DFFE0014FEAC /* main.m */; };
		95B636371935DFFE0014FEAC /* M0528AppDelegate.m in Sources */ = {isa = PBXBuildFile; fileRef = 95B636361935DFFE0014FEAC /* M0528AppDelegate.m */; };
		95B6363A1935DFFE0014FEAC /* Main.storyboard in Resources */ = {isa = PBXBuildFile; fileRef = 95B636381935DFFE0014FEAC /* Main.storyboard */; };
		95B6363D1935DFFE0014FEAC /* M0528ViewController.m in Sources */ = {isa = PBXBuildFile; fileRef = 95B6363C1935DFFE0014FEAC /* M0528ViewController.m */; };
		95B6363F1935DFFE0014FEAC /* Images.xcassets in Resources */ = {isa = PBXBuildFile; fileRef = 95B6363E1935DFFE0014FEAC /* Images.xcassets */; };
		95B636461935DFFE0014FEAC /* XCTest.framework in Frameworks */ = {isa = PBXBuildFile; fileRef = 95B636451935DFFE0014FEAC /* XCTest.framework */; };
		95B636471935DFFE0014FEAC /* Foundation.framework in Frameworks */ = {isa = PBXBuildFile; fileRef = 95B636261935DFFE0014FEAC /* Foundation.framework */; };
		95B636481935DFFE0014FEAC /* UIKit.framework in Frameworks */ = {isa = PBXBuildFile; fileRef = 95B6362A1935DFFE0014FEAC /* UIKit.framework */; };
		95B636501935DFFE0014FEAC /* InfoPlist.strings in Resources */ = {isa = PBXBuildFile; fileRef = 95B6364E1935DFFE0014FEAC /* InfoPlist.strings */; };
		95B636521935DFFE0014FEAC /* CalculatorTests.m in Sources */ = {isa = PBXBuildFile; fileRef = 95B636511935DFFE0014FEAC /* CalculatorTests.m */; };
		95B6365D19361AEE0014FEAC /* M0528StackCalculatorModel.m in Sources */ = {isa = PBXBuildFile; fileRef = 95B6365C19361AEE0014FEAC /* M0528StackCalculatorModel.m */; };
/* End PBXBuildFile section */

/* Begin PBXContainerItemProxy section */
		95B636491935DFFE0014FEAC /* PBXContainerItemProxy */ = {
			isa = PBXContainerItemProxy;
			containerPortal = 95B6361B1935DFFE0014FEAC /* Project object */;
			proxyType = 1;
			remoteGlobalIDString = 95B636221935DFFE0014FEAC;
			remoteInfo = Calculator;
		};
/* End PBXContainerItemProxy section */

/* Begin PBXFileReference section */
		95B636231935DFFE0014FEAC /* Calculator.app */ = {isa = PBXFileReference; explicitFileType = wrapper.application; includeInIndex = 0; path = Calculator.app; sourceTree = BUILT_PRODUCTS_DIR; };
		95B636261935DFFE0014FEAC /* Foundation.framework */ = {isa = PBXFileReference; lastKnownFileType = wrapper.framework; name = Foundation.framework; path = System/Library/Frameworks/Foundation.framework; sourceTree = SDKROOT; };
		95B636281935DFFE0014FEAC /* CoreGraphics.framework */ = {isa = PBXFileReference; lastKnownFileType = wrapper.framework; name = CoreGraphics.framework; path = System/Library/Frameworks/CoreGraphics.framework; sourceTree = SDKROOT; };
		95B6362A1935DFFE0014FEAC /* UIKit.framework */ = {isa = PBXFileReference; lastKnownFileType = wrapper.framework; name = UIKit.framework; path = System/Library/Frameworks/UIKit.framework; sourceTree = SDKROOT; };
		95B6362E1935DFFE0014FEAC /* Calculator-Info.plist */ = {isa = PBXFileReference; lastKnownFileType = text.plist.xml; path = "Calculator-Info.plist"; sourceTree = "<group>"; };
		95B636301935DFFE0014FEAC /* en */ = {isa = PBXFileReference; lastKnownFileType = text.plist.strings; name = en; path = en.lproj/InfoPlist.strings; sourceTree = "<group>"; };
		95B636321935DFFE0014FEAC /* main.m */ = {isa = PBXFileReference; lastKnownFileType = sourcecode.c.objc; path = main.m; sourceTree = "<group>"; };
		95B636341935DFFE0014FEAC /* Calculator-Prefix.pch */ = {isa = PBXFileReference; lastKnownFileType = sourcecode.c.h; path = "Calculator-Prefix.pch"; sourceTree = "<group>"; };
		95B636351935DFFE0014FEAC /* M0528AppDelegate.h */ = {isa = PBXFileReference; lastKnownFileType = sourcecode.c.h; path = M0528AppDelegate.h; sourceTree = "<group>"; };
		95B636361935DFFE0014FEAC /* M0528AppDelegate.m */ = {isa = PBXFileReference; lastKnownFileType = sourcecode.c.objc; path = M0528AppDelegate.m; sourceTree = "<group>"; };
		95B636391935DFFE0014FEAC /* Base */ = {isa = PBXFileReference; lastKnownFileType = file.storyboard; name = Base; path = Base.lproj/Main.storyboard; sourceTree = "<group>"; };
		95B6363B1935DFFE0014FEAC /* M0528ViewController.h */ = {isa = PBXFileReference; lastKnownFileType = sourcecode.c.h; path = M0528ViewController.h; sourceTree = "<group>"; };
		95B6363C1935DFFE0014FEAC /* M0528ViewController.m */ = {isa = PBXFileReference; lastKnownFileType = sourcecode.c.objc; path = M0528ViewController.m; sourceTree = "<group>"; };
		95B6363E1935DFFE0014FEAC /* Images.xcassets */ = {isa = PBXFileReference; lastKnownFileType = folder.assetcatalog; path = Images.xcassets; sourceTree = "<group>"; };
		95B636441935DFFE0014FEAC /* CalculatorTests.xctest */ = {isa = PBXFileReference; explicitFileType = wrapper.cfbundle; includeInIndex = 0; path = CalculatorTests.xctest; sourceTree = BUILT_PRODUCTS_DIR; };
		95B636451935DFFE0014FEAC /* XCTest.framework */ = {isa = PBXFileReference; lastKnownFileType = wrapper.framework; name = XCTest.framework; path = Library/Frameworks/XCTest.framework; sourceTree = DEVELOPER_DIR; };
		95B6364D1935DFFE0014FEAC /* CalculatorTests-Info.plist */ = {isa = PBXFileReference; lastKnownFileType = text.plist.xml; path = "CalculatorTests-Info.plist"; sourceTree = "<group>"; };
		95B6364F1935DFFE0014FEAC /* en */ = {isa = PBXFileReference; lastKnownFileType = text.plist.strings; name = en; path = en.lproj/InfoPlist.strings; sourceTree = "<group>"; };
		95B636511935DFFE0014FEAC /* CalculatorTests.m */ = {isa = PBXFileReference; lastKnownFileType = sourcecode.c.objc; path = CalculatorTests.m; sourceTree = "<group>"; };
		95B6365B19361AEE0014FEAC /* M0528StackCalculatorModel.h */ = {isa = PBXFileReference; fileEncoding = 4; lastKnownFileType = sourcecode.c.h; path = M0528StackCalculatorModel.h; sourceTree = "<group>"; };
		95B6365C19361AEE0014FEAC /* M0528StackCalculatorModel.m */ = {isa = PBXFileReference; fileEncoding = 4; lastKnownFileType = sourcecode.c.objc; path = M0528StackCalculatorModel.m; sourceTree = "<group>"; };
/* End PBXFileReference section */

/* Begin PBXFrameworksBuildPhase section */
		95B636201935DFFE0014FEAC /* Frameworks */ = {
			isa = PBXFrameworksBuildPhase;
			buildActionMask = 2147483647;
			files = (
				95B636291935DFFE0014FEAC /* CoreGraphics.framework in Frameworks */,
				95B6362B1935DFFE0014FEAC /* UIKit.framework in Frameworks */,
				95B636271935DFFE0014FEAC /* Foundation.framework in Frameworks */,
			);
			runOnlyForDeploymentPostprocessing = 0;
		};
		95B636411935DFFE0014FEAC /* Frameworks */ = {
			isa = PBXFrameworksBuildPhase;
			buildActionMask = 2147483647;
			files = (
				95B636461935DFFE0014FEAC /* XCTest.framework in Frameworks */,
				95B636481935DFFE0014FEAC /* UIKit.framework in Frameworks */,
				95B636471935DFFE0014FEAC /* Foundation.framework in Frameworks */,
			);
			runOnlyForDeploymentPostprocessing = 0;
		};
/* End PBXFrameworksBuildPhase section */

/* Begin PBXGroup section */
		95B6361A1935DFFE0014FEAC = {
			isa = PBXGroup;
			children = (
				95B6362C1935DFFE0014FEAC /* Calculator */,
				95B6364B1935DFFE0014FEAC /* CalculatorTests */,
				95B636251935DFFE0014FEAC /* Frameworks */,
				95B636241935DFFE0014FEAC /* Products */,
			);
			sourceTree = "<group>";
		};
		95B636241935DFFE0014FEAC /* Products */ = {
			isa = PBXGroup;
			children = (
				95B636231935DFFE0014FEAC /* Calculator.app */,
				95B636441935DFFE0014FEAC /* CalculatorTests.xctest */,
			);
			name = Products;
			sourceTree = "<group>";
		};
		95B636251935DFFE0014FEAC /* Frameworks */ = {
			isa = PBXGroup;
			children = (
				95B636261935DFFE0014FEAC /* Foundation.framework */,
				95B636281935DFFE0014FEAC /* CoreGraphics.framework */,
				95B6362A1935DFFE0014FEAC /* UIKit.framework */,
				95B636451935DFFE0014FEAC /* XCTest.framework */,
			);
			name = Frameworks;
			sourceTree = "<group>";
		};
		95B6362C1935DFFE0014FEAC /* Calculator */ = {
			isa = PBXGroup;
			children = (
				95B636351935DFFE0014FEAC /* M0528AppDelegate.h */,
				95B636361935DFFE0014FEAC /* M0528AppDelegate.m */,
				95B636381935DFFE0014FEAC /* Main.storyboard */,
				95B6365B19361AEE0014FEAC /* M0528StackCalculatorModel.h */,
				95B6365C19361AEE0014FEAC /* M0528StackCalculatorModel.m */,
				95B6363B1935DFFE0014FEAC /* M0528ViewController.h */,
				95B6363C1935DFFE0014FEAC /* M0528ViewController.m */,
				95B6363E1935DFFE0014FEAC /* Images.xcassets */,
				95B6362D1935DFFE0014FEAC /* Supporting Files */,
			);
			path = Calculator;
			sourceTree = "<group>";
		};
		95B6362D1935DFFE0014FEAC /* Supporting Files */ = {
			isa = PBXGroup;
			children = (
				95B6362E1935DFFE0014FEAC /* Calculator-Info.plist */,
				95B6362F1935DFFE0014FEAC /* InfoPlist.strings */,
				95B636321935DFFE0014FEAC /* main.m */,
				95B636341935DFFE0014FEAC /* Calculator-Prefix.pch */,
			);
			name = "Supporting Files";
			sourceTree = "<group>";
		};
		95B6364B1935DFFE0014FEAC /* CalculatorTests */ = {
			isa = PBXGroup;
			children = (
				95B636511935DFFE0014FEAC /* CalculatorTests.m */,
				95B6364C1935DFFE0014FEAC /* Supporting Files */,
			);
			path = CalculatorTests;
			sourceTree = "<group>";
		};
		95B6364C1935DFFE0014FEAC /* Supporting Files */ = {
			isa = PBXGroup;
			children = (
				95B6364D1935DFFE0014FEAC /* CalculatorTests-Info.plist */,
				95B6364E1935DFFE0014FEAC /* InfoPlist.strings */,
			);
			name = "Supporting Files";
			sourceTree = "<group>";
		};
/* End PBXGroup section */

/* Begin PBXNativeTarget section */
		95B636221935DFFE0014FEAC /* Calculator */ = {
			isa = PBXNativeTarget;
			buildConfigurationList = 95B636551935DFFE0014FEAC /* Build configuration list for PBXNativeTarget "Calculator" */;
			buildPhases = (
				95B6361F1935DFFE0014FEAC /* Sources */,
				95B636201935DFFE0014FEAC /* Frameworks */,
				95B636211935DFFE0014FEAC /* Resources */,
			);
			buildRules = (
			);
			dependencies = (
			);
			name = Calculator;
			productName = Calculator;
			productReference = 95B636231935DFFE0014FEAC /* Calculator.app */;
			productType = "com.apple.product-type.application";
		};
		95B636431935DFFE0014FEAC /* CalculatorTests */ = {
			isa = PBXNativeTarget;
			buildConfigurationList = 95B636581935DFFE0014FEAC /* Build configuration list for PBXNativeTarget "CalculatorTests" */;
			buildPhases = (
				95B636401935DFFE0014FEAC /* Sources */,
				95B636411935DFFE0014FEAC /* Frameworks */,
				95B636421935DFFE0014FEAC /* Resources */,
			);
			buildRules = (
			);
			dependencies = (
				95B6364A1935DFFE0014FEAC /* PBXTargetDependency */,
			);
			name = CalculatorTests;
			productName = CalculatorTests;
			productReference = 95B636441935DFFE0014FEAC /* CalculatorTests.xctest */;
			productType = "com.apple.product-type.bundle.unit-test";
		};
/* End PBXNativeTarget section */

/* Begin PBXProject section */
		95B6361B1935DFFE0014FEAC /* Project object */ = {
			isa = PBXProject;
			attributes = {
				CLASSPREFIX = M0528;
				LastUpgradeCheck = 0510;
				ORGANIZATIONNAME = Mango;
				TargetAttributes = {
					95B636431935DFFE0014FEAC = {
						TestTargetID = 95B636221935DFFE0014FEAC;
					};
				};
			};
			buildConfigurationList = 95B6361E1935DFFE0014FEAC /* Build configuration list for PBXProject "Calculator" */;
			compatibilityVersion = "Xcode 3.2";
			developmentRegion = English;
			hasScannedForEncodings = 0;
			knownRegions = (
				en,
				Base,
			);
			mainGroup = 95B6361A1935DFFE0014FEAC;
			productRefGroup = 95B636241935DFFE0014FEAC /* Products */;
			projectDirPath = "";
			projectRoot = "";
			targets = (
				95B636221935DFFE0014FEAC /* Calculator */,
				95B636431935DFFE0014FEAC /* CalculatorTests */,
			);
		};
/* End PBXProject section */

/* Begin PBXResourcesBuildPhase section */
		95B636211935DFFE0014FEAC /* Resources */ = {
			isa = PBXResourcesBuildPhase;
			buildActionMask = 2147483647;
			files = (
				95B6363F1935DFFE0014FEAC /* Images.xcassets in Resources */,
				95B636311935DFFE0014FEAC /* InfoPlist.strings in Resources */,
				95B6363A1935DFFE0014FEAC /* Main.storyboard in Resources */,
			);
			runOnlyForDeploymentPostprocessing = 0;
		};
		95B636421935DFFE0014FEAC /* Resources */ = {
			isa = PBXResourcesBuildPhase;
			buildActionMask = 2147483647;
			files = (
				95B636501935DFFE0014FEAC /* InfoPlist.strings in Resources */,
			);
			runOnlyForDeploymentPostprocessing = 0;
		};
/* End PBXResourcesBuildPhase section */

/* Begin PBXSourcesBuildPhase section */
		95B6361F1935DFFE0014FEAC /* Sources */ = {
			isa = PBXSourcesBuildPhase;
			buildActionMask = 2147483647;
			files = (
				95B636331935DFFE0014FEAC /* main.m in Sources */,
				95B636371935DFFE0014FEAC /* M0528AppDelegate.m in Sources */,
				95B6363D1935DFFE0014FEAC /* M0528ViewController.m in Sources */,
				95B6365D19361AEE0014FEAC /* M0528StackCalculatorModel.m in Sources */,
			);
			runOnlyForDeploymentPostprocessing = 0;
		};
		95B636401935DFFE0014FEAC /* Sources */ = {
			isa = PBXSourcesBuildPhase;
			buildActionMask = 2147483647;
			files = (
				95B636521935DFFE0014FEAC /* CalculatorTests.m in Sources */,
			);
			runOnlyForDeploymentPostprocessing = 0;
		};
/* End PBXSourcesBuildPhase section */

/* Begin PBXTargetDependency section */
		95B6364A1935DFFE0014FEAC /* PBXTargetDependency */ = {
			isa = PBXTargetDependency;
			target = 95B636221935DFFE0014FEAC /* Calculator */;
			targetProxy = 95B636491935DFFE0014FEAC /* PBXContainerItemProxy */;
		};
/* End PBXTargetDependency section */

/* Begin PBXVariantGroup section */
		95B6362F1935DFFE0014FEAC /* InfoPlist.strings */ = {
			isa = PBXVariantGroup;
			children = (
				95B636301935DFFE0014FEAC /* en */,
			);
			name = InfoPlist.strings;
			sourceTree = "<group>";
		};
		95B636381935DFFE0014FEAC /* Main.storyboard */ = {
			isa = PBXVariantGroup;
			children = (
				95B636391935DFFE0014FEAC /* Base */,
			);
			name = Main.storyboard;
			sourceTree = "<group>";
		};
		95B6364E1935DFFE0014FEAC /* InfoPlist.strings */ = {
			isa = PBXVariantGroup;
			children = (
				95B6364F1935DFFE0014FEAC /* en */,
			);
			name = InfoPlist.strings;
			sourceTree = "<group>";
		};
/* End PBXVariantGroup section */

/* Begin XCBuildConfiguration section */
		95B636531935DFFE0014FEAC /* Debug */ = {
			isa = XCBuildConfiguration;
			buildSettings = {
				ALWAYS_SEARCH_USER_PATHS = NO;
				CLANG_CXX_LANGUAGE_STANDARD = "gnu++0x";
				CLANG_CXX_LIBRARY = "libc++";
				CLANG_ENABLE_MODULES = YES;
				CLANG_ENABLE_OBJC_ARC = YES;
				CLANG_WARN_BOOL_CONVERSION = YES;
				CLANG_WARN_CONSTANT_CONVERSION = YES;
				CLANG_WARN_DIRECT_OBJC_ISA_USAGE = YES_ERROR;
				CLANG_WARN_EMPTY_BODY = YES;
				CLANG_WARN_ENUM_CONVERSION = YES;
				CLANG_WARN_INT_CONVERSION = YES;
				CLANG_WARN_OBJC_ROOT_CLASS = YES_ERROR;
				CLANG_WARN__DUPLICATE_METHOD_MATCH = YES;
				"CODE_SIGN_IDENTITY[sdk=iphoneos*]" = "iPhone Developer";
				COPY_PHASE_STRIP = NO;
				GCC_C_LANGUAGE_STANDARD = gnu99;
				GCC_DYNAMIC_NO_PIC = NO;
				GCC_OPTIMIZATION_LEVEL = 0;
				GCC_PREPROCESSOR_DEFINITIONS = (
					"DEBUG=1",
					"$(inherited)",
				);
				GCC_SYMBOLS_PRIVATE_EXTERN = NO;
				GCC_WARN_64_TO_32_BIT_CONVERSION = YES;
				GCC_WARN_ABOUT_RETURN_TYPE = YES_ERROR;
				GCC_WARN_UNDECLARED_SELECTOR = YES;
				GCC_WARN_UNINITIALIZED_AUTOS = YES_AGGRESSIVE;
				GCC_WARN_UNUSED_FUNCTION = YES;
				GCC_WARN_UNUSED_VARIABLE = YES;
				IPHONEOS_DEPLOYMENT_TARGET = 7.1;
				ONLY_ACTIVE_ARCH = YES;
				SDKROOT = iphoneos;
			};
			name = Debug;
		};
		95B636541935DFFE0014FEAC /* Release */ = {
			isa = XCBuildConfiguration;
			buildSettings = {
				ALWAYS_SEARCH_USER_PATHS = NO;
				CLANG_CXX_LANGUAGE_STANDARD = "gnu++0x";
				CLANG_CXX_LIBRARY = "libc++";
				CLANG_ENABLE_MODULES = YES;
				CLANG_ENABLE_OBJC_ARC = YES;
				CLANG_WARN_BOOL_CONVERSION = YES;
				CLANG_WARN_CONSTANT_CONVERSION = YES;
				CLANG_WARN_DIRECT_OBJC_ISA_USAGE = YES_ERROR;
				CLANG_WARN_EMPTY_BODY = YES;
				CLANG_WARN_ENUM_CONVERSION = YES;
				CLANG_WARN_INT_CONVERSION = YES;
				CLANG_WARN_OBJC_ROOT_CLASS = YES_ERROR;
				CLANG_WARN__DUPLICATE_METHOD_MATCH = YES;
				"CODE_SIGN_IDENTITY[sdk=iphoneos*]" = "iPhone Developer";
				COPY_PHASE_STRIP = YES;
				ENABLE_NS_ASSERTIONS = NO;
				GCC_C_LANGUAGE_STANDARD = gnu99;
				GCC_WARN_64_TO_32_BIT_CONVERSION = YES;
				GCC_WARN_ABOUT_RETURN_TYPE = YES_ERROR;
				GCC_WARN_UNDECLARED_SELECTOR = YES;
				GCC_WARN_UNINITIALIZED_AUTOS = YES_AGGRESSIVE;
				GCC_WARN_UNUSED_FUNCTION = YES;
				GCC_WARN_UNUSED_VARIABLE = YES;
				IPHONEOS_DEPLOYMENT_TARGET = 7.1;
				SDKROOT = iphoneos;
				VALIDATE_PRODUCT = YES;
			};
			name = Release;
		};
		95B636561935DFFE0014FEAC /* Debug */ = {
			isa = XCBuildConfiguration;
			buildSettings = {
				ASSETCATALOG_COMPILER_APPICON_NAME = AppIcon;
				ASSETCATALOG_COMPILER_LAUNCHIMAGE_NAME = LaunchImage;
				GCC_PRECOMPILE_PREFIX_HEADER = YES;
				GCC_PREFIX_HEADER = "Calculator/Calculator-Prefix.pch";
				INFOPLIST_FILE = "Calculator/Calculator-Info.plist";
				PRODUCT_NAME = "$(TARGET_NAME)";
				WRAPPER_EXTENSION = app;
			};
			name = Debug;
		};
		95B636571935DFFE0014FEAC /* Release */ = {
			isa = XCBuildConfiguration;
			buildSettings = {
				ASSETCATALOG_COMPILER_APPICON_NAME = AppIcon;
				ASSETCATALOG_COMPILER_LAUNCHIMAGE_NAME = LaunchImage;
				GCC_PRECOMPILE_PREFIX_HEADER = YES;
				GCC_PREFIX_HEADER = "Calculator/Calculator-Prefix.pch";
				INFOPLIST_FILE = "Calculator/Calculator-Info.plist";
				PRODUCT_NAME = "$(TARGET_NAME)";
				WRAPPER_EXTENSION = app;
			};
			name = Release;
		};
		95B636591935DFFE0014FEAC /* Debug */ = {
			isa = XCBuildConfiguration;
			buildSettings = {
				BUNDLE_LOADER = "$(BUILT_PRODUCTS_DIR)/Calculator.app/Calculator";
				FRAMEWORK_SEARCH_PATHS = (
					"$(SDKROOT)/Developer/Library/Frameworks",
					"$(inherited)",
					"$(DEVELOPER_FRAMEWORKS_DIR)",
				);
				GCC_PRECOMPILE_PREFIX_HEADER = YES;
				GCC_PREFIX_HEADER = "Calculator/Calculator-Prefix.pch";
				GCC_PREPROCESSOR_DEFINITIONS = (
					"DEBUG=1",
					"$(inherited)",
				);
				INFOPLIST_FILE = "CalculatorTests/CalculatorTests-Info.plist";
				PRODUCT_NAME = "$(TARGET_NAME)";
				TEST_HOST = "$(BUNDLE_LOADER)";
				WRAPPER_EXTENSION = xctest;
			};
			name = Debug;
		};
		95B6365A1935DFFE0014FEAC /* Release */ = {
			isa = XCBuildConfiguration;
			buildSettings = {
				BUNDLE_LOADER = "$(BUILT_PRODUCTS_DIR)/Calculator.app/Calculator";
				FRAMEWORK_SEARCH_PATHS = (
					"$(SDKROOT)/Developer/Library/Frameworks",
					"$(inherited)",
					"$(DEVELOPER_FRAMEWORKS_DIR)",
				);
				GCC_PRECOMPILE_PREFIX_HEADER = YES;
				GCC_PREFIX_HEADER = "Calculator/Calculator-Prefix.pch";
				INFOPLIST_FILE = "CalculatorTests/CalculatorTests-Info.plist";
				PRODUCT_NAME = "$(TARGET_NAME)";
				TEST_HOST = "$(BUNDLE_LOADER)";
				WRAPPER_EXTENSION = xctest;
			};
			name = Release;
		};
/* End XCBuildConfiguration section */

/* Begin XCConfigurationList section */
		95B6361E1935DFFE0014FEAC /* Build configuration list for PBXProject "Calculator" */ = {
			isa = XCConfigurationList;
			buildConfigurations = (
				95B636531935DFFE0014FEAC /* Debug */,
				95B636541935DFFE0014FEAC /* Release */,
			);
			defaultConfigurationIsVisible = 0;
			defaultConfigurationName = Release;
		};
		95B636551935DFFE0014FEAC /* Build configuration list for PBXNativeTarget "Calculator" */ = {
			isa = XCConfigurationList;
			buildConfigurations = (
				95B636561935DFFE0014FEAC /* Debug */,
				95B636571935DFFE0014FEAC /* Release */,
			);
			defaultConfigurationIsVisible = 0;
		};
		95B636581935DFFE0014FEAC /* Build configuration list for PBXNativeTarget "CalculatorTests" */ = {
			isa = XCConfigurationList;
			buildConfigurations = (
				95B636591935DFFE0014FEAC /* Debug */,
				95B6365A1935DFFE0014FEAC /* Release */,
			);
			defaultConfigurationIsVisible = 0;
		};
/* End XCConfigurationList section */
	};
	rootObject = 95B6361B1935DFFE0014FEAC /* Project object */;
}
